
Microsoft Visual Studio Solution File, Format Version 12.00
# Visual Studio 15
VisualStudioVersion = 15.0.28307.1022
MinimumVisualStudioVersion = 10.0.40219.1
Project("{2150E333-8FDC-42A3-9474-1A3956D46DE8}") = "01-Presentation", "01-Presentation", "{5AB99502-CA51-4881-9EBE-C763CFCF23B1}"
EndProject
Project("{2150E333-8FDC-42A3-9474-1A3956D46DE8}") = "02-Domain", "02-Domain", "{96BBAF4D-7534-477F-AC62-62B82F761FD2}"
EndProject
Project("{2150E333-8FDC-42A3-9474-1A3956D46DE8}") = "03-DataAccess", "03-DataAccess", "{E9959C78-D0F2-4D2A-AF07-82285AC4E61F}"
EndProject
Project("{2150E333-8FDC-42A3-9474-1A3956D46DE8}") = "04-Infrastructure", "04-Infrastructure", "{9F4DFA9B-CA56-459F-AE78-6124FC01001B}"
EndProject
Project("{2150E333-8FDC-42A3-9474-1A3956D46DE8}") = "UI", "UI", "{04EB774C-8200-4F77-B4F1-0376CA1D904E}"
EndProject
Project("{9A19103F-16F7-4668-BE54-9A1E7A4F7556}") = "ExamPortalUI", "ExamPortalUI\ExamPortalUI.csproj", "{6FA9D37A-5765-4CE8-80E1-26246E129F41}"
EndProject
Project("{9A19103F-16F7-4668-BE54-9A1E7A4F7556}") = "Domain.Question.Abstract", "Domain.Question.Abstract\Domain.Question.Abstract.csproj", "{A9419CE1-EF1F-4721-AC03-675451D3CAD0}"
EndProject
Project("{9A19103F-16F7-4668-BE54-9A1E7A4F7556}") = "Domain.Question", "Domain.Question\Domain.Question.csproj", "{058528BF-2A79-4A53-A3FB-B94BA8F1DC7D}"
EndProject
Project("{9A19103F-16F7-4668-BE54-9A1E7A4F7556}") = "Data.Mongo", "Data.Mongo\Data.Mongo.csproj", "{1D29FCD2-AABB-4E45-B500-C51C9A7B2E80}"
EndProject
Project("{9A19103F-16F7-4668-BE54-9A1E7A4F7556}") = "Data.Sql", "Data.Sql\Data.Sql.csproj", "{73A36DCC-D986-4440-AA2F-35D3AFC77740}"
EndProject
Project("{9A19103F-16F7-4668-BE54-9A1E7A4F7556}") = "Infrastructure", "Infrastructure\Infrastructure.csproj", "{AFC64A67-1438-410A-9913-E2537202F0DA}"
EndProject
Project("{9A19103F-16F7-4668-BE54-9A1E7A4F7556}") = "Infrastructure.Common", "Infrastructure.Common\Infrastructure.Common.csproj", "{F027B2FA-EE25-46A8-8AEF-EE5E4051B6AB}"
EndProject
Project("{9A19103F-16F7-4668-BE54-9A1E7A4F7556}") = "Domain.Course.Abstract", "Domain.Course.Abstract\Domain.Course.Abstract.csproj", "{2D3E20C9-6647-4CFD-AFBF-E254EC209CD0}"
EndProject
Project("{9A19103F-16F7-4668-BE54-9A1E7A4F7556}") = "Domain.Course", "Domain.Course\Domain.Course.csproj", "{F37DB79C-3222-43AD-B33F-203C22A87DBF}"
EndProject
Project("{FAE04EC0-301F-11D3-BF4B-00C04F79EFBC}") = "Domain.User.Abstract", "Domain.User.Abstract\Domain.User.Abstract.csproj", "{527D6AB0-2847-41B9-8D89-CA7F200D62E1}"
EndProject
Project("{FAE04EC0-301F-11D3-BF4B-00C04F79EFBC}") = "Domain.User", "Domain.User\Domain.User.csproj", "{8CCF665B-3717-4A51-A95C-F1E8FEB49209}"
EndProject
Global
	GlobalSection(SolutionConfigurationPlatforms) = preSolution
		Debug|Any CPU = Debug|Any CPU
		Release|Any CPU = Release|Any CPU
	EndGlobalSection
	GlobalSection(ProjectConfigurationPlatforms) = postSolution
		{6FA9D37A-5765-4CE8-80E1-26246E129F41}.Debug|Any CPU.ActiveCfg = Debug|Any CPU
		{6FA9D37A-5765-4CE8-80E1-26246E129F41}.Debug|Any CPU.Build.0 = Debug|Any CPU
		{6FA9D37A-5765-4CE8-80E1-26246E129F41}.Release|Any CPU.ActiveCfg = Release|Any CPU
		{6FA9D37A-5765-4CE8-80E1-26246E129F41}.Release|Any CPU.Build.0 = Release|Any CPU
		{A9419CE1-EF1F-4721-AC03-675451D3CAD0}.Debug|Any CPU.ActiveCfg = Debug|Any CPU
		{A9419CE1-EF1F-4721-AC03-675451D3CAD0}.Debug|Any CPU.Build.0 = Debug|Any CPU
		{A9419CE1-EF1F-4721-AC03-675451D3CAD0}.Release|Any CPU.ActiveCfg = Release|Any CPU
		{A9419CE1-EF1F-4721-AC03-675451D3CAD0}.Release|Any CPU.Build.0 = Release|Any CPU
		{058528BF-2A79-4A53-A3FB-B94BA8F1DC7D}.Debug|Any CPU.ActiveCfg = Debug|Any CPU
		{058528BF-2A79-4A53-A3FB-B94BA8F1DC7D}.Debug|Any CPU.Build.0 = Debug|Any CPU
		{058528BF-2A79-4A53-A3FB-B94BA8F1DC7D}.Release|Any CPU.ActiveCfg = Release|Any CPU
		{058528BF-2A79-4A53-A3FB-B94BA8F1DC7D}.Release|Any CPU.Build.0 = Release|Any CPU
		{1D29FCD2-AABB-4E45-B500-C51C9A7B2E80}.Debug|Any CPU.ActiveCfg = Debug|Any CPU
		{1D29FCD2-AABB-4E45-B500-C51C9A7B2E80}.Debug|Any CPU.Build.0 = Debug|Any CPU
		{1D29FCD2-AABB-4E45-B500-C51C9A7B2E80}.Release|Any CPU.ActiveCfg = Release|Any CPU
		{1D29FCD2-AABB-4E45-B500-C51C9A7B2E80}.Release|Any CPU.Build.0 = Release|Any CPU
		{73A36DCC-D986-4440-AA2F-35D3AFC77740}.Debug|Any CPU.ActiveCfg = Debug|Any CPU
		{73A36DCC-D986-4440-AA2F-35D3AFC77740}.Debug|Any CPU.Build.0 = Debug|Any CPU
		{73A36DCC-D986-4440-AA2F-35D3AFC77740}.Release|Any CPU.ActiveCfg = Release|Any CPU
		{73A36DCC-D986-4440-AA2F-35D3AFC77740}.Release|Any CPU.Build.0 = Release|Any CPU
		{AFC64A67-1438-410A-9913-E2537202F0DA}.Debug|Any CPU.ActiveCfg = Debug|Any CPU
		{AFC64A67-1438-410A-9913-E2537202F0DA}.Debug|Any CPU.Build.0 = Debug|Any CPU
		{AFC64A67-1438-410A-9913-E2537202F0DA}.Release|Any CPU.ActiveCfg = Release|Any CPU
		{AFC64A67-1438-410A-9913-E2537202F0DA}.Release|Any CPU.Build.0 = Release|Any CPU
		{F027B2FA-EE25-46A8-8AEF-EE5E4051B6AB}.Debug|Any CPU.ActiveCfg = Debug|Any CPU
		{F027B2FA-EE25-46A8-8AEF-EE5E4051B6AB}.Debug|Any CPU.Build.0 = Debug|Any CPU
		{F027B2FA-EE25-46A8-8AEF-EE5E4051B6AB}.Release|Any CPU.ActiveCfg = Release|Any CPU
		{F027B2FA-EE25-46A8-8AEF-EE5E4051B6AB}.Release|Any CPU.Build.0 = Release|Any CPU
		{2D3E20C9-6647-4CFD-AFBF-E254EC209CD0}.Debug|Any CPU.ActiveCfg = Debug|Any CPU
		{2D3E20C9-6647-4CFD-AFBF-E254EC209CD0}.Debug|Any CPU.Build.0 = Debug|Any CPU
		{2D3E20C9-6647-4CFD-AFBF-E254EC209CD0}.Release|Any CPU.ActiveCfg = Release|Any CPU
		{2D3E20C9-6647-4CFD-AFBF-E254EC209CD0}.Release|Any CPU.Build.0 = Release|Any CPU
		{F37DB79C-3222-43AD-B33F-203C22A87DBF}.Debug|Any CPU.ActiveCfg = Debug|Any CPU
		{F37DB79C-3222-43AD-B33F-203C22A87DBF}.Debug|Any CPU.Build.0 = Debug|Any CPU
		{F37DB79C-3222-43AD-B33F-203C22A87DBF}.Release|Any CPU.ActiveCfg = Release|Any CPU
		{F37DB79C-3222-43AD-B33F-203C22A87DBF}.Release|Any CPU.Build.0 = Release|Any CPU
		{527D6AB0-2847-41B9-8D89-CA7F200D62E1}.Debug|Any CPU.ActiveCfg = Debug|Any CPU
		{527D6AB0-2847-41B9-8D89-CA7F200D62E1}.Debug|Any CPU.Build.0 = Debug|Any CPU
		{527D6AB0-2847-41B9-8D89-CA7F200D62E1}.Release|Any CPU.ActiveCfg = Release|Any CPU
		{527D6AB0-2847-41B9-8D89-CA7F200D62E1}.Release|Any CPU.Build.0 = Release|Any CPU
		{8CCF665B-3717-4A51-A95C-F1E8FEB49209}.Debug|Any CPU.ActiveCfg = Debug|Any CPU
		{8CCF665B-3717-4A51-A95C-F1E8FEB49209}.Debug|Any CPU.Build.0 = Debug|Any CPU
		{8CCF665B-3717-4A51-A95C-F1E8FEB49209}.Release|Any CPU.ActiveCfg = Release|Any CPU
		{8CCF665B-3717-4A51-A95C-F1E8FEB49209}.Release|Any CPU.Build.0 = Release|Any CPU
	EndGlobalSection
	GlobalSection(SolutionProperties) = preSolution
		HideSolutionNode = FALSE
	EndGlobalSection
	GlobalSection(NestedProjects) = preSolution
		{04EB774C-8200-4F77-B4F1-0376CA1D904E} = {5AB99502-CA51-4881-9EBE-C763CFCF23B1}
		{6FA9D37A-5765-4CE8-80E1-26246E129F41} = {04EB774C-8200-4F77-B4F1-0376CA1D904E}
		{A9419CE1-EF1F-4721-AC03-675451D3CAD0} = {96BBAF4D-7534-477F-AC62-62B82F761FD2}
		{058528BF-2A79-4A53-A3FB-B94BA8F1DC7D} = {96BBAF4D-7534-477F-AC62-62B82F761FD2}
		{1D29FCD2-AABB-4E45-B500-C51C9A7B2E80} = {E9959C78-D0F2-4D2A-AF07-82285AC4E61F}
		{73A36DCC-D986-4440-AA2F-35D3AFC77740} = {E9959C78-D0F2-4D2A-AF07-82285AC4E61F}
		{AFC64A67-1438-410A-9913-E2537202F0DA} = {9F4DFA9B-CA56-459F-AE78-6124FC01001B}
		{F027B2FA-EE25-46A8-8AEF-EE5E4051B6AB} = {9F4DFA9B-CA56-459F-AE78-6124FC01001B}
		{2D3E20C9-6647-4CFD-AFBF-E254EC209CD0} = {96BBAF4D-7534-477F-AC62-62B82F761FD2}
		{F37DB79C-3222-43AD-B33F-203C22A87DBF} = {96BBAF4D-7534-477F-AC62-62B82F761FD2}
		{527D6AB0-2847-41B9-8D89-CA7F200D62E1} = {96BBAF4D-7534-477F-AC62-62B82F761FD2}
		{8CCF665B-3717-4A51-A95C-F1E8FEB49209} = {96BBAF4D-7534-477F-AC62-62B82F761FD2}
	EndGlobalSection
	GlobalSection(ExtensibilityGlobals) = postSolution
		SolutionGuid = {3019F4B7-B490-425F-8AE8-D0C4E1023C35}
	EndGlobalSection
EndGlobal
